
Microsoft Visual Studio Solution File, Format Version 12.00
# Visual Studio Version 17
VisualStudioVersion = 17.2.32616.157
MinimumVisualStudioVersion = 10.0.40219.1
Project("{FAE04EC0-301F-11D3-BF4B-00C04F79EFBC}") = "Selenium", "Selenium\Selenium.csproj", "{6394CC73-F341-443A-A360-F8115914C45B}"
EndProject
Global
	GlobalSection(SolutionConfigurationPlatforms) = preSolution
		Debug|Any CPU = Debug|Any CPU
		Release|Any CPU = Release|Any CPU
	EndGlobalSection
	GlobalSection(ProjectConfigurationPlatforms) = postSolution
		{6394CC73-F341-443A-A360-F8115914C45B}.Debug|Any CPU.ActiveCfg = Debug|Any CPU
		{6394CC73-F341-443A-A360-F8115914C45B}.Debug|Any CPU.Build.0 = Debug|Any CPU
		{6394CC73-F341-443A-A360-F8115914C45B}.Release|Any CPU.ActiveCfg = Release|Any CPU
		{6394CC73-F341-443A-A360-F8115914C45B}.Release|Any CPU.Build.0 = Release|Any CPU
	EndGlobalSection
	GlobalSection(SolutionProperties) = preSolution
		HideSolutionNode = FALSE
	EndGlobalSection
	GlobalSection(ExtensibilityGlobals) = postSolution
		SolutionGuid = {026050E6-0BEB-48A5-BE43-B095676C5150}
	EndGlobalSection
EndGlobal
